{
  "name": "extension",
  "version": "1.0.0",
  "lockfileVersion": 3,
  "requires": true,
  "packages": {
    "": {
      "name": "extension",
      "version": "1.0.0",
      "license": "ISC",
      "dependencies": {
        "webext-storage": "^2.0.1"
      }
    },
    "node_modules/webext-polyfill-kinda": {
      "version": "1.0.2",
      "resolved": "https://registry.npmjs.org/webext-polyfill-kinda/-/webext-polyfill-kinda-1.0.2.tgz",
      "integrity": "sha512-rqQUKeBTOicej0tjDJWDQlOTnDcm9yYJTzgI+7rMdyYV4QHmYMRm+yjkcVgECkg/Wu9MboZ4lYeBPdp1Ep9WgQ==",
      "license": "MIT",
      "funding": {
        "url": "https://github.com/sponsors/fregante"
      }
    },
    "node_modules/webext-storage": {
      "version": "2.0.1",
      "resolved": "https://registry.npmjs.org/webext-storage/-/webext-storage-2.0.1.tgz",
      "integrity": "sha512-DbKAiV4xUva9grslYC/A7jv7mIlWikU+QvadQp54V21Hqsfx4fHWFhSF2GVvEcf7mSvTHOXp0U86hG5Qyv9W2w==",
      "license": "MIT",
      "dependencies": {
        "webext-polyfill-kinda": "^1.0.2"
      },
      "engines": {
        "node": ">=20"
      },
      "funding": {
        "url": "https://github.com/sponsors/fregante"
      }
    }
  }
}
